// !$*UTF8*$!
{
	archiveVersion = 1;
	classes = {
	};
	objectVersion = 50;
	objects = {

/* Begin PBXBuildFile section */
		A33EFC2C249EFB5300308ACD /* AppDelegate.swift in Sources */ = {isa = PBXBuildFile; fileRef = A33EFC2B249EFB5300308ACD /* AppDelegate.swift */; };
		A33EFC2E249EFB5300308ACD /* SceneDelegate.swift in Sources */ = {isa = PBXBuildFile; fileRef = A33EFC2D249EFB5300308ACD /* SceneDelegate.swift */; };
		A33EFC30249EFB5300308ACD /* ViewController.swift in Sources */ = {isa = PBXBuildFile; fileRef = A33EFC2F249EFB5300308ACD /* ViewController.swift */; };
		A33EFC33249EFB5300308ACD /* Main.storyboard in Resources */ = {isa = PBXBuildFile; fileRef = A33EFC31249EFB5300308ACD /* Main.storyboard */; };
		A33EFC36249EFB5300308ACD /* DataModel.xcdatamodeld in Sources */ = {isa = PBXBuildFile; fileRef = A33EFC34249EFB5300308ACD /* DataModel.xcdatamodeld */; };
		A33EFC38249EFB5600308ACD /* Assets.xcassets in Resources */ = {isa = PBXBuildFile; fileRef = A33EFC37249EFB5600308ACD /* Assets.xcassets */; };
		A33EFC3B249EFB5600308ACD /* LaunchScreen.storyboard in Resources */ = {isa = PBXBuildFile; fileRef = A33EFC39249EFB5600308ACD /* LaunchScreen.storyboard */; };
		A33EFC47249F00F900308ACD /* TableViewCell.swift in Sources */ = {isa = PBXBuildFile; fileRef = A33EFC46249F00F900308ACD /* TableViewCell.swift */; };
/* End PBXBuildFile section */

/* Begin PBXFileReference section */
		A33EFC28249EFB5300308ACD /* Core.app */ = {isa = PBXFileReference; explicitFileType = wrapper.application; includeInIndex = 0; path = Core.app; sourceTree = BUILT_PRODUCTS_DIR; };
		A33EFC2B249EFB5300308ACD /* AppDelegate.swift */ = {isa = PBXFileReference; lastKnownFileType = sourcecode.swift; path = AppDelegate.swift; sourceTree = "<group>"; };
		A33EFC2D249EFB5300308ACD /* SceneDelegate.swift */ = {isa = PBXFileReference; lastKnownFileType = sourcecode.swift; path = SceneDelegate.swift; sourceTree = "<group>"; };
		A33EFC2F249EFB5300308ACD /* ViewController.swift */ = {isa = PBXFileReference; lastKnownFileType = sourcecode.swift; path = ViewController.swift; sourceTree = "<group>"; };
		A33EFC32249EFB5300308ACD /* Base */ = {isa = PBXFileReference; lastKnownFileType = file.storyboard; name = Base; path = Base.lproj/Main.storyboard; sourceTree = "<group>"; };
		A33EFC35249EFB5300308ACD /* Core.xcdatamodel */ = {isa = PBXFileReference; lastKnownFileType = wrapper.xcdatamodel; path = Core.xcdatamodel; sourceTree = "<group>"; };
		A33EFC37249EFB5600308ACD /* Assets.xcassets */ = {isa = PBXFileReference; lastKnownFileType = folder.assetcatalog; path = Assets.xcassets; sourceTree = "<group>"; };
		A33EFC3A249EFB5600308ACD /* Base */ = {isa = PBXFileReference; lastKnownFileType = file.storyboard; name = Base; path = Base.lproj/LaunchScreen.storyboard; sourceTree = "<group>"; };
		A33EFC3C249EFB5600308ACD /* Info.plist */ = {isa = PBXFileReference; lastKnownFileType = text.plist.xml; path = Info.plist; sourceTree = "<group>"; };
		A33EFC46249F00F900308ACD /* TableViewCell.swift */ = {isa = PBXFileReference; lastKnownFileType = sourcecode.swift; path = TableViewCell.swift; sourceTree = "<group>"; };
/* End PBXFileReference section */

/* Begin PBXFrameworksBuildPhase section */
		A33EFC25249EFB5300308ACD /* Frameworks */ = {
			isa = PBXFrameworksBuildPhase;
			buildActionMask = 2147483647;
			files = (
			);
			runOnlyForDeploymentPostprocessing = 0;
		};
/* End PBXFrameworksBuildPhase section */

/* Begin PBXGroup section */
		A33EFC1F249EFB5300308ACD = {
			isa = PBXGroup;
			children = (
				A33EFC2A249EFB5300308ACD /* Core */,
				A33EFC29249EFB5300308ACD /* Products */,
			);
			sourceTree = "<group>";
		};
		A33EFC29249EFB5300308ACD /* Products */ = {
			isa = PBXGroup;
			children = (
				A33EFC28249EFB5300308ACD /* Core.app */,
			);
			name = Products;
			sourceTree = "<group>";
		};
		A33EFC2A249EFB5300308ACD /* Core */ = {
			isa = PBXGroup;
			children = (
				A33EFC2B249EFB5300308ACD /* AppDelegate.swift */,
				A33EFC2D249EFB5300308ACD /* SceneDelegate.swift */,
				A33EFC2F249EFB5300308ACD /* ViewController.swift */,
				A33EFC31249EFB5300308ACD /* Main.storyboard */,
				A33EFC46249F00F900308ACD /* TableViewCell.swift */,
				A33EFC37249EFB5600308ACD /* Assets.xcassets */,
				A33EFC39249EFB5600308ACD /* LaunchScreen.storyboard */,
				A33EFC3C249EFB5600308ACD /* Info.plist */,
				A33EFC34249EFB5300308ACD /* DataModel.xcdatamodeld */,
			);
			path = Core;
			sourceTree = "<group>";
		};
/* End PBXGroup section */

/* Begin PBXNativeTarget section */
		A33EFC27249EFB5300308ACD /* Core */ = {
			isa = PBXNativeTarget;
			buildConfigurationList = A33EFC3F249EFB5600308ACD /* Build configuration list for PBXNativeTarget "Core" */;
			buildPhases = (
				A33EFC24249EFB5300308ACD /* Sources */,
				A33EFC25249EFB5300308ACD /* Frameworks */,
				A33EFC26249EFB5300308ACD /* Resources */,
			);
			buildRules = (
			);
			dependencies = (
			);
			name = Core;
			productName = Core;
			productReference = A33EFC28249EFB5300308ACD /* Core.app */;
			productType = "com.apple.product-type.application";
		};
/* End PBXNativeTarget section */

/* Begin PBXProject section */
		A33EFC20249EFB5300308ACD /* Project object */ = {
			isa = PBXProject;
			attributes = {
				LastSwiftUpdateCheck = 1130;
				LastUpgradeCheck = 1130;
				ORGANIZATIONNAME = "Satyaa Akana";
				TargetAttributes = {
					A33EFC27249EFB5300308ACD = {
						CreatedOnToolsVersion = 11.3.1;
					};
				};
			};
			buildConfigurationList = A33EFC23249EFB5300308ACD /* Build configuration list for PBXProject "Core" */;
			compatibilityVersion = "Xcode 9.3";
			developmentRegion = en;
			hasScannedForEncodings = 0;
			knownRegions = (
				en,
				Base,
			);
			mainGroup = A33EFC1F249EFB5300308ACD;
			productRefGroup = A33EFC29249EFB5300308ACD /* Products */;
			projectDirPath = "";
			projectRoot = "";
			targets = (
				A33EFC27249EFB5300308ACD /* Core */,
			);
		};
/* End PBXProject section */

/* Begin PBXResourcesBuildPhase section */
		A33EFC26249EFB5300308ACD /* Resources */ = {
			isa = PBXResourcesBuildPhase;
			buildActionMask = 2147483647;
			files = (
				A33EFC3B249EFB5600308ACD /* LaunchScreen.storyboard in Resources */,
				A33EFC38249EFB5600308ACD /* Assets.xcassets in Resources */,
				A33EFC33249EFB5300308ACD /* Main.storyboard in Resources */,
			);
			runOnlyForDeploymentPostprocessing = 0;
		};
/* End PBXResourcesBuildPhase section */

/* Begin PBXSourcesBuildPhase section */
		A33EFC24249EFB5300308ACD /* Sources */ = {
			isa = PBXSourcesBuildPhase;
			buildActionMask = 2147483647;
			files = (
				A33EFC47249F00F900308ACD /* TableViewCell.swift in Sources */,
				A33EFC30249EFB5300308ACD /* ViewController.swift in Sources */,
				A33EFC2C249EFB5300308ACD /* AppDelegate.swift in Sources */,
				A33EFC36249EFB5300308ACD /* DataModel.xcdatamodeld in Sources */,
				A33EFC2E249EFB5300308ACD /* SceneDelegate.swift in Sources */,
			);
			runOnlyForDeploymentPostprocessing = 0;
		};
/* End PBXSourcesBuildPhase section */

/* Begin PBXVariantGroup section */
		A33EFC31249EFB5300308ACD /* Main.storyboard */ = {
			isa = PBXVariantGroup;
			children = (
				A33EFC32249EFB5300308ACD /* Base */,
			);
			name = Main.storyboard;
			sourceTree = "<group>";
		};
		A33EFC39249EFB5600308ACD /* LaunchScreen.storyboard */ = {
			isa = PBXVariantGroup;
			children = (
				A33EFC3A249EFB5600308ACD /* Base */,
			);
			name = LaunchScreen.storyboard;
			sourceTree = "<group>";
		};
/* End PBXVariantGroup section */

/* Begin XCBuildConfiguration section */
		A33EFC3D249EFB5600308ACD /* Debug */ = {
			isa = XCBuildConfiguration;
			buildSettings = {
				ALWAYS_SEARCH_USER_PATHS = NO;
				CLANG_ANALYZER_NONNULL = YES;
				CLANG_ANALYZER_NUMBER_OBJECT_CONVERSION = YES_AGGRESSIVE;
				CLANG_CXX_LANGUAGE_STANDARD = "gnu++14";
				CLANG_CXX_LIBRARY = "libc++";
				CLANG_ENABLE_MODULES = YES;
				CLANG_ENABLE_OBJC_ARC = YES;
				CLANG_ENABLE_OBJC_WEAK = YES;
				CLANG_WARN_BLOCK_CAPTURE_AUTORELEASING = YES;
				CLANG_WARN_BOOL_CONVERSION = YES;
				CLANG_WARN_COMMA = YES;
				CLANG_WARN_CONSTANT_CONVERSION = YES;
				CLANG_WARN_DEPRECATED_OBJC_IMPLEMENTATIONS = YES;
				CLANG_WARN_DIRECT_OBJC_ISA_USAGE = YES_ERROR;
				CLANG_WARN_DOCUMENTATION_COMMENTS = YES;
				CLANG_WARN_EMPTY_BODY = YES;
				CLANG_WARN_ENUM_CONVERSION = YES;
				CLANG_WARN_INFINITE_RECURSION = YES;
				CLANG_WARN_INT_CONVERSION = YES;
				CLANG_WARN_NON_LITERAL_NULL_CONVERSION = YES;
				CLANG_WARN_OBJC_IMPLICIT_RETAIN_SELF = YES;
				CLANG_WARN_OBJC_LITERAL_CONVERSION = YES;
				CLANG_WARN_OBJC_ROOT_CLASS = YES_ERROR;
				CLANG_WARN_RANGE_LOOP_ANALYSIS = YES;
				CLANG_WARN_STRICT_PROTOTYPES = YES;
				CLANG_WARN_SUSPICIOUS_MOVE = YES;
				CLANG_WARN_UNGUARDED_AVAILABILITY = YES_AGGRESSIVE;
				CLANG_WARN_UNREACHABLE_CODE = YES;
				CLANG_WARN__DUPLICATE_METHOD_MATCH = YES;
				COPY_PHASE_STRIP = NO;
				DEBUG_INFORMATION_FORMAT = dwarf;
				ENABLE_STRICT_OBJC_MSGSEND = YES;
				ENABLE_TESTABILITY = YES;
				GCC_C_LANGUAGE_STANDARD = gnu11;
				GCC_DYNAMIC_NO_PIC = NO;
				GCC_NO_COMMON_BLOCKS = YES;
				GCC_OPTIMIZATION_LEVEL = 0;
				GCC_PREPROCESSOR_DEFINITIONS = (
					"DEBUG=1",
					"$(inherited)",
				);
				GCC_WARN_64_TO_32_BIT_CONVERSION = YES;
				GCC_WARN_ABOUT_RETURN_TYPE = YES_ERROR;
				GCC_WARN_UNDECLARED_SELECTOR = YES;
				GCC_WARN_UNINITIALIZED_AUTOS = YES_AGGRESSIVE;
				GCC_WARN_UNUSED_FUNCTION = YES;
				GCC_WARN_UNUSED_VARIABLE = YES;
				IPHONEOS_DEPLOYMENT_TARGET = 13.2;
				MTL_ENABLE_DEBUG_INFO = INCLUDE_SOURCE;
				MTL_FAST_MATH = YES;
				ONLY_ACTIVE_ARCH = YES;
				SDKROOT = iphoneos;
				SWIFT_ACTIVE_COMPILATION_CONDITIONS = DEBUG;
				SWIFT_OPTIMIZATION_LEVEL = "-Onone";
			};
			name = Debug;
		};
		A33EFC3E249EFB5600308ACD /* Release */ = {
			isa = XCBuildConfiguration;
			buildSettings = {
				ALWAYS_SEARCH_USER_PATHS = NO;
				CLANG_ANALYZER_NONNULL = YES;
				CLANG_ANALYZER_NUMBER_OBJECT_CONVERSION = YES_AGGRESSIVE;
				CLANG_CXX_LANGUAGE_STANDARD = "gnu++14";
				CLANG_CXX_LIBRARY = "libc++";
				CLANG_ENABLE_MODULES = YES;
				CLANG_ENABLE_OBJC_ARC = YES;
				CLANG_ENABLE_OBJC_WEAK = YES;
				CLANG_WARN_BLOCK_CAPTURE_AUTORELEASING = YES;
				CLANG_WARN_BOOL_CONVERSION = YES;
				CLANG_WARN_COMMA = YES;
				CLANG_WARN_CONSTANT_CONVERSION = YES;
				CLANG_WARN_DEPRECATED_OBJC_IMPLEMENTATIONS = YES;
				CLANG_WARN_DIRECT_OBJC_ISA_USAGE = YES_ERROR;
				CLANG_WARN_DOCUMENTATION_COMMENTS = YES;
				CLANG_WARN_EMPTY_BODY = YES;
				CLANG_WARN_ENUM_CONVERSION = YES;
				CLANG_WARN_INFINITE_RECURSION = YES;
				CLANG_WARN_INT_CONVERSION = YES;
				CLANG_WARN_NON_LITERAL_NULL_CONVERSION = YES;
				CLANG_WARN_OBJC_IMPLICIT_RETAIN_SELF = YES;
				CLANG_WARN_OBJC_LITERAL_CONVERSION = YES;
				CLANG_WARN_OBJC_ROOT_CLASS = YES_ERROR;
				CLANG_WARN_RANGE_LOOP_ANALYSIS = YES;
				CLANG_WARN_STRICT_PROTOTYPES = YES;
				CLANG_WARN_SUSPICIOUS_MOVE = YES;
				CLANG_WARN_UNGUARDED_AVAILABILITY = YES_AGGRESSIVE;
				CLANG_WARN_UNREACHABLE_CODE = YES;
				CLANG_WARN__DUPLICATE_METHOD_MATCH = YES;
				COPY_PHASE_STRIP = NO;
				DEBUG_INFORMATION_FORMAT = "dwarf-with-dsym";
				ENABLE_NS_ASSERTIONS = NO;
				ENABLE_STRICT_OBJC_MSGSEND = YES;
				GCC_C_LANGUAGE_STANDARD = gnu11;
				GCC_NO_COMMON_BLOCKS = YES;
				GCC_WARN_64_TO_32_BIT_CONVERSION = YES;
				GCC_WARN_ABOUT_RETURN_TYPE = YES_ERROR;
				GCC_WARN_UNDECLARED_SELECTOR = YES;
				GCC_WARN_UNINITIALIZED_AUTOS = YES_AGGRESSIVE;
				GCC_WARN_UNUSED_FUNCTION = YES;
				GCC_WARN_UNUSED_VARIABLE = YES;
				IPHONEOS_DEPLOYMENT_TARGET = 13.2;
				MTL_ENABLE_DEBUG_INFO = NO;
				MTL_FAST_MATH = YES;
				SDKROOT = iphoneos;
				SWIFT_COMPILATION_MODE = wholemodule;
				SWIFT_OPTIMIZATION_LEVEL = "-O";
				VALIDATE_PRODUCT = YES;
			};
			name = Release;
		};
		A33EFC40249EFB5600308ACD /* Debug */ = {
			isa = XCBuildConfiguration;
			buildSettings = {
				ASSETCATALOG_COMPILER_APPICON_NAME = AppIcon;
				CODE_SIGN_STYLE = Automatic;
				DEVELOPMENT_TEAM = Q7XF2QG6XK;
				INFOPLIST_FILE = Core/Info.plist;
				LD_RUNPATH_SEARCH_PATHS = (
					"$(inherited)",
					"@executable_path/Frameworks",
				);
				PRODUCT_BUNDLE_IDENTIFIER = com.Akana.Core;
				PRODUCT_NAME = "$(TARGET_NAME)";
				SWIFT_VERSION = 5.0;
				TARGETED_DEVICE_FAMILY = "1,2";
			};
			name = Debug;
		};
		A33EFC41249EFB5600308ACD /* Release */ = {
			isa = XCBuildConfiguration;
			buildSettings = {
				ASSETCATALOG_COMPILER_APPICON_NAME = AppIcon;
				CODE_SIGN_STYLE = Automatic;
				DEVELOPMENT_TEAM = Q7XF2QG6XK;
				INFOPLIST_FILE = Core/Info.plist;
				LD_RUNPATH_SEARCH_PATHS = (
					"$(inherited)",
					"@executable_path/Frameworks",
				);
				PRODUCT_BUNDLE_IDENTIFIER = com.Akana.Core;
				PRODUCT_NAME = "$(TARGET_NAME)";
				SWIFT_VERSION = 5.0;
				TARGETED_DEVICE_FAMILY = "1,2";
			};
			name = Release;
		};
/* End XCBuildConfiguration section */

/* Begin XCConfigurationList section */
		A33EFC23249EFB5300308ACD /* Build configuration list for PBXProject "Core" */ = {
			isa = XCConfigurationList;
			buildConfigurations = (
				A33EFC3D249EFB5600308ACD /* Debug */,
				A33EFC3E249EFB5600308ACD /* Release */,
			);
			defaultConfigurationIsVisible = 0;
			defaultConfigurationName = Release;
		};
		A33EFC3F249EFB5600308ACD /* Build configuration list for PBXNativeTarget "Core" */ = {
			isa = XCConfigurationList;
			buildConfigurations = (
				A33EFC40249EFB5600308ACD /* Debug */,
				A33EFC41249EFB5600308ACD /* Release */,
			);
			defaultConfigurationIsVisible = 0;
			defaultConfigurationName = Release;
		};
/* End XCConfigurationList section */

/* Begin XCVersionGroup section */
		A33EFC34249EFB5300308ACD /* DataModel.xcdatamodeld */ = {
			isa = XCVersionGroup;
			children = (
				A33EFC35249EFB5300308ACD /* Core.xcdatamodel */,
			);
			currentVersion = A33EFC35249EFB5300308ACD /* Core.xcdatamodel */;
			path = DataModel.xcdatamodeld;
			sourceTree = "<group>";
			versionGroupType = wrapper.xcdatamodel;
		};
/* End XCVersionGroup section */
	};
	rootObject = A33EFC20249EFB5300308ACD /* Project object */;
}
